// !$*UTF8*$!
{
	archiveVersion = 1;
	classes = {
	};
	objectVersion = 50;
	objects = {

/* Begin PBXBuildFile section */
		69653F64248D30BC003EFA46 /* AppDelegate.swift in Sources */ = {isa = PBXBuildFile; fileRef = 69653F63248D30BC003EFA46 /* AppDelegate.swift */; };
		69653F66248D30BC003EFA46 /* SceneDelegate.swift in Sources */ = {isa = PBXBuildFile; fileRef = 69653F65248D30BC003EFA46 /* SceneDelegate.swift */; };
		69653F68248D30BC003EFA46 /* ViewController.swift in Sources */ = {isa = PBXBuildFile; fileRef = 69653F67248D30BC003EFA46 /* ViewController.swift */; };
		69653F6B248D30BC003EFA46 /* Main.storyboard in Resources */ = {isa = PBXBuildFile; fileRef = 69653F69248D30BC003EFA46 /* Main.storyboard */; };
		69653F6D248D30BE003EFA46 /* Assets.xcassets in Resources */ = {isa = PBXBuildFile; fileRef = 69653F6C248D30BE003EFA46 /* Assets.xcassets */; };
		69653F70248D30BE003EFA46 /* LaunchScreen.storyboard in Resources */ = {isa = PBXBuildFile; fileRef = 69653F6E248D30BE003EFA46 /* LaunchScreen.storyboard */; };
		69FA3B8F248D3321001A00FA /* BullsEyeGame.swift in Sources */ = {isa = PBXBuildFile; fileRef = 69FA3B8E248D3321001A00FA /* BullsEyeGame.swift */; };
/* End PBXBuildFile section */

/* Begin PBXFileReference section */
		69653F60248D30BC003EFA46 /* RevBullsEye.app */ = {isa = PBXFileReference; explicitFileType = wrapper.application; includeInIndex = 0; path = RevBullsEye.app; sourceTree = BUILT_PRODUCTS_DIR; };
		69653F63248D30BC003EFA46 /* AppDelegate.swift */ = {isa = PBXFileReference; lastKnownFileType = sourcecode.swift; path = AppDelegate.swift; sourceTree = "<group>"; };
		69653F65248D30BC003EFA46 /* SceneDelegate.swift */ = {isa = PBXFileReference; lastKnownFileType = sourcecode.swift; path = SceneDelegate.swift; sourceTree = "<group>"; };
		69653F67248D30BC003EFA46 /* ViewController.swift */ = {isa = PBXFileReference; lastKnownFileType = sourcecode.swift; path = ViewController.swift; sourceTree = "<group>"; };
		69653F6A248D30BC003EFA46 /* Base */ = {isa = PBXFileReference; lastKnownFileType = file.storyboard; name = Base; path = Base.lproj/Main.storyboard; sourceTree = "<group>"; };
		69653F6C248D30BE003EFA46 /* Assets.xcassets */ = {isa = PBXFileReference; lastKnownFileType = folder.assetcatalog; path = Assets.xcassets; sourceTree = "<group>"; };
		69653F6F248D30BE003EFA46 /* Base */ = {isa = PBXFileReference; lastKnownFileType = file.storyboard; name = Base; path = Base.lproj/LaunchScreen.storyboard; sourceTree = "<group>"; };
		69653F71248D30BE003EFA46 /* Info.plist */ = {isa = PBXFileReference; lastKnownFileType = text.plist.xml; path = Info.plist; sourceTree = "<group>"; };
		69FA3B8E248D3321001A00FA /* BullsEyeGame.swift */ = {isa = PBXFileReference; fileEncoding = 4; lastKnownFileType = sourcecode.swift; name = BullsEyeGame.swift; path = ../../BullsEye/BullsEye/BullsEyeGame.swift; sourceTree = "<group>"; };
/* End PBXFileReference section */

/* Begin PBXFrameworksBuildPhase section */
		69653F5D248D30BC003EFA46 /* Frameworks */ = {
			isa = PBXFrameworksBuildPhase;
			buildActionMask = 2147483647;
			files = (
			);
			runOnlyForDeploymentPostprocessing = 0;
		};
/* End PBXFrameworksBuildPhase section */

/* Begin PBXGroup section */
		69653F57248D30BC003EFA46 = {
			isa = PBXGroup;
			children = (
				69653F62248D30BC003EFA46 /* RevBullsEye */,
				69653F61248D30BC003EFA46 /* Products */,
			);
			sourceTree = "<group>";
		};
		69653F61248D30BC003EFA46 /* Products */ = {
			isa = PBXGroup;
			children = (
				69653F60248D30BC003EFA46 /* RevBullsEye.app */,
			);
			name = Products;
			sourceTree = "<group>";
		};
		69653F62248D30BC003EFA46 /* RevBullsEye */ = {
			isa = PBXGroup;
			children = (
				69653F63248D30BC003EFA46 /* AppDelegate.swift */,
				69FA3B8E248D3321001A00FA /* BullsEyeGame.swift */,
				69653F65248D30BC003EFA46 /* SceneDelegate.swift */,
				69653F67248D30BC003EFA46 /* ViewController.swift */,
				69653F69248D30BC003EFA46 /* Main.storyboard */,
				69653F6C248D30BE003EFA46 /* Assets.xcassets */,
				69653F6E248D30BE003EFA46 /* LaunchScreen.storyboard */,
				69653F71248D30BE003EFA46 /* Info.plist */,
			);
			path = RevBullsEye;
			sourceTree = "<group>";
		};
/* End PBXGroup section */

/* Begin PBXNativeTarget section */
		69653F5F248D30BC003EFA46 /* RevBullsEye */ = {
			isa = PBXNativeTarget;
			buildConfigurationList = 69653F74248D30BE003EFA46 /* Build configuration list for PBXNativeTarget "RevBullsEye" */;
			buildPhases = (
				69653F5C248D30BC003EFA46 /* Sources */,
				69653F5D248D30BC003EFA46 /* Frameworks */,
				69653F5E248D30BC003EFA46 /* Resources */,
			);
			buildRules = (
			);
			dependencies = (
			);
			name = RevBullsEye;
			productName = RevBullsEye;
			productReference = 69653F60248D30BC003EFA46 /* RevBullsEye.app */;
			productType = "com.apple.product-type.application";
		};
/* End PBXNativeTarget section */

/* Begin PBXProject section */
		69653F58248D30BC003EFA46 /* Project object */ = {
			isa = PBXProject;
			attributes = {
				LastSwiftUpdateCheck = 1150;
				LastUpgradeCheck = 1150;
				ORGANIZATIONNAME = "Bill Matthews";
				TargetAttributes = {
					69653F5F248D30BC003EFA46 = {
						CreatedOnToolsVersion = 11.5;
					};
				};
			};
			buildConfigurationList = 69653F5B248D30BC003EFA46 /* Build configuration list for PBXProject "RevBullsEye" */;
			compatibilityVersion = "Xcode 9.3";
			developmentRegion = en;
			hasScannedForEncodings = 0;
			knownRegions = (
				en,
				Base,
			);
			mainGroup = 69653F57248D30BC003EFA46;
			productRefGroup = 69653F61248D30BC003EFA46 /* Products */;
			projectDirPath = "";
			projectRoot = "";
			targets = (
				69653F5F248D30BC003EFA46 /* RevBullsEye */,
			);
		};
/* End PBXProject section */

/* Begin PBXResourcesBuildPhase section */
		69653F5E248D30BC003EFA46 /* Resources */ = {
			isa = PBXResourcesBuildPhase;
			buildActionMask = 2147483647;
			files = (
				69653F70248D30BE003EFA46 /* LaunchScreen.storyboard in Resources */,
				69653F6D248D30BE003EFA46 /* Assets.xcassets in Resources */,
				69653F6B248D30BC003EFA46 /* Main.storyboard in Resources */,
			);
			runOnlyForDeploymentPostprocessing = 0;
		};
/* End PBXResourcesBuildPhase section */

/* Begin PBXSourcesBuildPhase section */
		69653F5C248D30BC003EFA46 /* Sources */ = {
			isa = PBXSourcesBuildPhase;
			buildActionMask = 2147483647;
			files = (
				69FA3B8F248D3321001A00FA /* BullsEyeGame.swift in Sources */,
				69653F68248D30BC003EFA46 /* ViewController.swift in Sources */,
				69653F64248D30BC003EFA46 /* AppDelegate.swift in Sources */,
				69653F66248D30BC003EFA46 /* SceneDelegate.swift in Sources */,
			);
			runOnlyForDeploymentPostprocessing = 0;
		};
/* End PBXSourcesBuildPhase section */

/* Begin PBXVariantGroup section */
		69653F69248D30BC003EFA46 /* Main.storyboard */ = {
			isa = PBXVariantGroup;
			children = (
				69653F6A248D30BC003EFA46 /* Base */,
			);
			name = Main.storyboard;
			sourceTree = "<group>";
		};
		69653F6E248D30BE003EFA46 /* LaunchScreen.storyboard */ = {
			isa = PBXVariantGroup;
			children = (
				69653F6F248D30BE003EFA46 /* Base */,
			);
			name = LaunchScreen.storyboard;
			sourceTree = "<group>";
		};
/* End PBXVariantGroup section */

/* Begin XCBuildConfiguration section */
		69653F72248D30BE003EFA46 /* Debug */ = {
			isa = XCBuildConfiguration;
			buildSettings = {
				ALWAYS_SEARCH_USER_PATHS = NO;
				CLANG_ANALYZER_NONNULL = YES;
				CLANG_ANALYZER_NUMBER_OBJECT_CONVERSION = YES_AGGRESSIVE;
				CLANG_CXX_LANGUAGE_STANDARD = "gnu++14";
				CLANG_CXX_LIBRARY = "libc++";
				CLANG_ENABLE_MODULES = YES;
				CLANG_ENABLE_OBJC_ARC = YES;
				CLANG_ENABLE_OBJC_WEAK = YES;
				CLANG_WARN_BLOCK_CAPTURE_AUTORELEASING = YES;
				CLANG_WARN_BOOL_CONVERSION = YES;
				CLANG_WARN_COMMA = YES;
				CLANG_WARN_CONSTANT_CONVERSION = YES;
				CLANG_WARN_DEPRECATED_OBJC_IMPLEMENTATIONS = YES;
				CLANG_WARN_DIRECT_OBJC_ISA_USAGE = YES_ERROR;
				CLANG_WARN_DOCUMENTATION_COMMENTS = YES;
				CLANG_WARN_EMPTY_BODY = YES;
				CLANG_WARN_ENUM_CONVERSION = YES;
				CLANG_WARN_INFINITE_RECURSION = YES;
				CLANG_WARN_INT_CONVERSION = YES;
				CLANG_WARN_NON_LITERAL_NULL_CONVERSION = YES;
				CLANG_WARN_OBJC_IMPLICIT_RETAIN_SELF = YES;
				CLANG_WARN_OBJC_LITERAL_CONVERSION = YES;
				CLANG_WARN_OBJC_ROOT_CLASS = YES_ERROR;
				CLANG_WARN_RANGE_LOOP_ANALYSIS = YES;
				CLANG_WARN_STRICT_PROTOTYPES = YES;
				CLANG_WARN_SUSPICIOUS_MOVE = YES;
				CLANG_WARN_UNGUARDED_AVAILABILITY = YES_AGGRESSIVE;
				CLANG_WARN_UNREACHABLE_CODE = YES;
				CLANG_WARN__DUPLICATE_METHOD_MATCH = YES;
				COPY_PHASE_STRIP = NO;
				DEBUG_INFORMATION_FORMAT = dwarf;
				ENABLE_STRICT_OBJC_MSGSEND = YES;
				ENABLE_TESTABILITY = YES;
				GCC_C_LANGUAGE_STANDARD = gnu11;
				GCC_DYNAMIC_NO_PIC = NO;
				GCC_NO_COMMON_BLOCKS = YES;
				GCC_OPTIMIZATION_LEVEL = 0;
				GCC_PREPROCESSOR_DEFINITIONS = (
					"DEBUG=1",
					"$(inherited)",
				);
				GCC_WARN_64_TO_32_BIT_CONVERSION = YES;
				GCC_WARN_ABOUT_RETURN_TYPE = YES_ERROR;
				GCC_WARN_UNDECLARED_SELECTOR = YES;
				GCC_WARN_UNINITIALIZED_AUTOS = YES_AGGRESSIVE;
				GCC_WARN_UNUSED_FUNCTION = YES;
				GCC_WARN_UNUSED_VARIABLE = YES;
				IPHONEOS_DEPLOYMENT_TARGET = 13.5;
				MTL_ENABLE_DEBUG_INFO = INCLUDE_SOURCE;
				MTL_FAST_MATH = YES;
				ONLY_ACTIVE_ARCH = YES;
				SDKROOT = iphoneos;
				SWIFT_ACTIVE_COMPILATION_CONDITIONS = DEBUG;
				SWIFT_OPTIMIZATION_LEVEL = "-Onone";
			};
			name = Debug;
		};
		69653F73248D30BE003EFA46 /* Release */ = {
			isa = XCBuildConfiguration;
			buildSettings = {
				ALWAYS_SEARCH_USER_PATHS = NO;
				CLANG_ANALYZER_NONNULL = YES;
				CLANG_ANALYZER_NUMBER_OBJECT_CONVERSION = YES_AGGRESSIVE;
				CLANG_CXX_LANGUAGE_STANDARD = "gnu++14";
				CLANG_CXX_LIBRARY = "libc++";
				CLANG_ENABLE_MODULES = YES;
				CLANG_ENABLE_OBJC_ARC = YES;
				CLANG_ENABLE_OBJC_WEAK = YES;
				CLANG_WARN_BLOCK_CAPTURE_AUTORELEASING = YES;
				CLANG_WARN_BOOL_CONVERSION = YES;
				CLANG_WARN_COMMA = YES;
				CLANG_WARN_CONSTANT_CONVERSION = YES;
				CLANG_WARN_DEPRECATED_OBJC_IMPLEMENTATIONS = YES;
				CLANG_WARN_DIRECT_OBJC_ISA_USAGE = YES_ERROR;
				CLANG_WARN_DOCUMENTATION_COMMENTS = YES;
				CLANG_WARN_EMPTY_BODY = YES;
				CLANG_WARN_ENUM_CONVERSION = YES;
				CLANG_WARN_INFINITE_RECURSION = YES;
				CLANG_WARN_INT_CONVERSION = YES;
				CLANG_WARN_NON_LITERAL_NULL_CONVERSION = YES;
				CLANG_WARN_OBJC_IMPLICIT_RETAIN_SELF = YES;
				CLANG_WARN_OBJC_LITERAL_CONVERSION = YES;
				CLANG_WARN_OBJC_ROOT_CLASS = YES_ERROR;
				CLANG_WARN_RANGE_LOOP_ANALYSIS = YES;
				CLANG_WARN_STRICT_PROTOTYPES = YES;
				CLANG_WARN_SUSPICIOUS_MOVE = YES;
				CLANG_WARN_UNGUARDED_AVAILABILITY = YES_AGGRESSIVE;
				CLANG_WARN_UNREACHABLE_CODE = YES;
				CLANG_WARN__DUPLICATE_METHOD_MATCH = YES;
				COPY_PHASE_STRIP = NO;
				DEBUG_INFORMATION_FORMAT = "dwarf-with-dsym";
				ENABLE_NS_ASSERTIONS = NO;
				ENABLE_STRICT_OBJC_MSGSEND = YES;
				GCC_C_LANGUAGE_STANDARD = gnu11;
				GCC_NO_COMMON_BLOCKS = YES;
				GCC_WARN_64_TO_32_BIT_CONVERSION = YES;
				GCC_WARN_ABOUT_RETURN_TYPE = YES_ERROR;
				GCC_WARN_UNDECLARED_SELECTOR = YES;
				GCC_WARN_UNINITIALIZED_AUTOS = YES_AGGRESSIVE;
				GCC_WARN_UNUSED_FUNCTION = YES;
				GCC_WARN_UNUSED_VARIABLE = YES;
				IPHONEOS_DEPLOYMENT_TARGET = 13.5;
				MTL_ENABLE_DEBUG_INFO = NO;
				MTL_FAST_MATH = YES;
				SDKROOT = iphoneos;
				SWIFT_COMPILATION_MODE = wholemodule;
				SWIFT_OPTIMIZATION_LEVEL = "-O";
				VALIDATE_PRODUCT = YES;
			};
			name = Release;
		};
		69653F75248D30BE003EFA46 /* Debug */ = {
			isa = XCBuildConfiguration;
			buildSettings = {
				ASSETCATALOG_COMPILER_APPICON_NAME = AppIcon;
				CODE_SIGN_STYLE = Automatic;
				DEVELOPMENT_TEAM = U278GLX467;
				INFOPLIST_FILE = RevBullsEye/Info.plist;
				LD_RUNPATH_SEARCH_PATHS = (
					"$(inherited)",
					"@executable_path/Frameworks",
				);
				PRODUCT_BUNDLE_IDENTIFIER = com.billmatthews.RevBullsEye;
				PRODUCT_NAME = "$(TARGET_NAME)";
				SWIFT_VERSION = 5.0;
				TARGETED_DEVICE_FAMILY = "1,2";
			};
			name = Debug;
		};
		69653F76248D30BE003EFA46 /* Release */ = {
			isa = XCBuildConfiguration;
			buildSettings = {
				ASSETCATALOG_COMPILER_APPICON_NAME = AppIcon;
				CODE_SIGN_STYLE = Automatic;
				DEVELOPMENT_TEAM = U278GLX467;
				INFOPLIST_FILE = RevBullsEye/Info.plist;
				LD_RUNPATH_SEARCH_PATHS = (
					"$(inherited)",
					"@executable_path/Frameworks",
				);
				PRODUCT_BUNDLE_IDENTIFIER = com.billmatthews.RevBullsEye;
				PRODUCT_NAME = "$(TARGET_NAME)";
				SWIFT_VERSION = 5.0;
				TARGETED_DEVICE_FAMILY = "1,2";
			};
			name = Release;
		};
/* End XCBuildConfiguration section */

/* Begin XCConfigurationList section */
		69653F5B248D30BC003EFA46 /* Build configuration list for PBXProject "RevBullsEye" */ = {
			isa = XCConfigurationList;
			buildConfigurations = (
				69653F72248D30BE003EFA46 /* Debug */,
				69653F73248D30BE003EFA46 /* Release */,
			);
			defaultConfigurationIsVisible = 0;
			defaultConfigurationName = Release;
		};
		69653F74248D30BE003EFA46 /* Build configuration list for PBXNativeTarget "RevBullsEye" */ = {
			isa = XCConfigurationList;
			buildConfigurations = (
				69653F75248D30BE003EFA46 /* Debug */,
				69653F76248D30BE003EFA46 /* Release */,
			);
			defaultConfigurationIsVisible = 0;
			defaultConfigurationName = Release;
		};
/* End XCConfigurationList section */
	};
	rootObject = 69653F58248D30BC003EFA46 /* Project object */;
}
