// !$*UTF8*$!
{
	archiveVersion = 1;
	classes = {
	};
	objectVersion = 50;
	objects = {

/* Begin PBXBuildFile section */
		691649D824E315C300D92AAE /* TimerStackList.swift in Sources */ = {isa = PBXBuildFile; fileRef = 691649D724E315C300D92AAE /* TimerStackList.swift */; };
		691649DA24E335C900D92AAE /* TickerRow.swift in Sources */ = {isa = PBXBuildFile; fileRef = 691649D924E335C900D92AAE /* TickerRow.swift */; };
		694A3E9624E630E7006FCA80 /* BackgroundProgressView.swift in Sources */ = {isa = PBXBuildFile; fileRef = 694A3E9524E630E7006FCA80 /* BackgroundProgressView.swift */; };
		69B42CE524E6B2D900CD7EA4 /* EditTickerView.swift in Sources */ = {isa = PBXBuildFile; fileRef = 69B42CE424E6B2D900CD7EA4 /* EditTickerView.swift */; };
		69D1085524E2C8CE0033DB6D /* AppDelegate.swift in Sources */ = {isa = PBXBuildFile; fileRef = 69D1085424E2C8CE0033DB6D /* AppDelegate.swift */; };
		69D1085724E2C8CE0033DB6D /* SceneDelegate.swift in Sources */ = {isa = PBXBuildFile; fileRef = 69D1085624E2C8CE0033DB6D /* SceneDelegate.swift */; };
		69D1085924E2C8CE0033DB6D /* TimerStackListView.swift in Sources */ = {isa = PBXBuildFile; fileRef = 69D1085824E2C8CE0033DB6D /* TimerStackListView.swift */; };
		69D1085B24E2C8D00033DB6D /* Assets.xcassets in Resources */ = {isa = PBXBuildFile; fileRef = 69D1085A24E2C8D00033DB6D /* Assets.xcassets */; };
		69D1085E24E2C8D00033DB6D /* Preview Assets.xcassets in Resources */ = {isa = PBXBuildFile; fileRef = 69D1085D24E2C8D00033DB6D /* Preview Assets.xcassets */; };
		69D1086124E2C8D00033DB6D /* LaunchScreen.storyboard in Resources */ = {isa = PBXBuildFile; fileRef = 69D1085F24E2C8D00033DB6D /* LaunchScreen.storyboard */; };
		69D1086A24E2C9E90033DB6D /* Ticker.swift in Sources */ = {isa = PBXBuildFile; fileRef = 69D1086924E2C9E90033DB6D /* Ticker.swift */; };
/* End PBXBuildFile section */

/* Begin PBXFileReference section */
		691649D724E315C300D92AAE /* TimerStackList.swift */ = {isa = PBXFileReference; lastKnownFileType = sourcecode.swift; path = TimerStackList.swift; sourceTree = "<group>"; };
		691649D924E335C900D92AAE /* TickerRow.swift */ = {isa = PBXFileReference; lastKnownFileType = sourcecode.swift; path = TickerRow.swift; sourceTree = "<group>"; };
		694A3E9524E630E7006FCA80 /* BackgroundProgressView.swift */ = {isa = PBXFileReference; lastKnownFileType = sourcecode.swift; path = BackgroundProgressView.swift; sourceTree = "<group>"; };
		69B42CE424E6B2D900CD7EA4 /* EditTickerView.swift */ = {isa = PBXFileReference; fileEncoding = 4; lastKnownFileType = sourcecode.swift; path = EditTickerView.swift; sourceTree = "<group>"; };
		69D1085124E2C8CE0033DB6D /* TimeStack.app */ = {isa = PBXFileReference; explicitFileType = wrapper.application; includeInIndex = 0; path = TimeStack.app; sourceTree = BUILT_PRODUCTS_DIR; };
		69D1085424E2C8CE0033DB6D /* AppDelegate.swift */ = {isa = PBXFileReference; lastKnownFileType = sourcecode.swift; path = AppDelegate.swift; sourceTree = "<group>"; };
		69D1085624E2C8CE0033DB6D /* SceneDelegate.swift */ = {isa = PBXFileReference; lastKnownFileType = sourcecode.swift; path = SceneDelegate.swift; sourceTree = "<group>"; };
		69D1085824E2C8CE0033DB6D /* TimerStackListView.swift */ = {isa = PBXFileReference; lastKnownFileType = sourcecode.swift; path = TimerStackListView.swift; sourceTree = "<group>"; };
		69D1085A24E2C8D00033DB6D /* Assets.xcassets */ = {isa = PBXFileReference; lastKnownFileType = folder.assetcatalog; path = Assets.xcassets; sourceTree = "<group>"; };
		69D1085D24E2C8D00033DB6D /* Preview Assets.xcassets */ = {isa = PBXFileReference; lastKnownFileType = folder.assetcatalog; path = "Preview Assets.xcassets"; sourceTree = "<group>"; };
		69D1086024E2C8D00033DB6D /* Base */ = {isa = PBXFileReference; lastKnownFileType = file.storyboard; name = Base; path = Base.lproj/LaunchScreen.storyboard; sourceTree = "<group>"; };
		69D1086224E2C8D00033DB6D /* Info.plist */ = {isa = PBXFileReference; lastKnownFileType = text.plist.xml; path = Info.plist; sourceTree = "<group>"; };
		69D1086924E2C9E90033DB6D /* Ticker.swift */ = {isa = PBXFileReference; lastKnownFileType = sourcecode.swift; path = Ticker.swift; sourceTree = "<group>"; };
		69ECE72124E3439F00B506DC /* Scratchpad.playground */ = {isa = PBXFileReference; lastKnownFileType = file.playground; name = Scratchpad.playground; path = "../../../../../Library/Autosave Information/Scratchpad.playground"; sourceTree = "<group>"; xcLanguageSpecificationIdentifier = xcode.lang.swift; };
/* End PBXFileReference section */

/* Begin PBXFrameworksBuildPhase section */
		69D1084E24E2C8CE0033DB6D /* Frameworks */ = {
			isa = PBXFrameworksBuildPhase;
			buildActionMask = 2147483647;
			files = (
			);
			runOnlyForDeploymentPostprocessing = 0;
		};
/* End PBXFrameworksBuildPhase section */

/* Begin PBXGroup section */
		691649DB24E3383100D92AAE /* Views */ = {
			isa = PBXGroup;
			children = (
				69D1085824E2C8CE0033DB6D /* TimerStackListView.swift */,
				691649D924E335C900D92AAE /* TickerRow.swift */,
				69B42CE424E6B2D900CD7EA4 /* EditTickerView.swift */,
				694A3E9724E630F0006FCA80 /* Subviews */,
			);
			path = Views;
			sourceTree = "<group>";
		};
		694A3E9724E630F0006FCA80 /* Subviews */ = {
			isa = PBXGroup;
			children = (
				694A3E9524E630E7006FCA80 /* BackgroundProgressView.swift */,
			);
			path = Subviews;
			sourceTree = "<group>";
		};
		69D1084824E2C8CE0033DB6D = {
			isa = PBXGroup;
			children = (
				69ECE72124E3439F00B506DC /* Scratchpad.playground */,
				69D1085324E2C8CE0033DB6D /* TimeStack */,
				69D1085224E2C8CE0033DB6D /* Products */,
			);
			sourceTree = "<group>";
		};
		69D1085224E2C8CE0033DB6D /* Products */ = {
			isa = PBXGroup;
			children = (
				69D1085124E2C8CE0033DB6D /* TimeStack.app */,
			);
			name = Products;
			sourceTree = "<group>";
		};
		69D1085324E2C8CE0033DB6D /* TimeStack */ = {
			isa = PBXGroup;
			children = (
				69D1086824E2C9CB0033DB6D /* Model */,
				69D1085424E2C8CE0033DB6D /* AppDelegate.swift */,
				69D1085624E2C8CE0033DB6D /* SceneDelegate.swift */,
				691649DB24E3383100D92AAE /* Views */,
				69D1085A24E2C8D00033DB6D /* Assets.xcassets */,
				69D1085F24E2C8D00033DB6D /* LaunchScreen.storyboard */,
				69D1086224E2C8D00033DB6D /* Info.plist */,
				69D1085C24E2C8D00033DB6D /* Preview Content */,
			);
			path = TimeStack;
			sourceTree = "<group>";
		};
		69D1085C24E2C8D00033DB6D /* Preview Content */ = {
			isa = PBXGroup;
			children = (
				69D1085D24E2C8D00033DB6D /* Preview Assets.xcassets */,
			);
			path = "Preview Content";
			sourceTree = "<group>";
		};
		69D1086824E2C9CB0033DB6D /* Model */ = {
			isa = PBXGroup;
			children = (
				69D1086924E2C9E90033DB6D /* Ticker.swift */,
				691649D724E315C300D92AAE /* TimerStackList.swift */,
			);
			path = Model;
			sourceTree = "<group>";
		};
/* End PBXGroup section */

/* Begin PBXNativeTarget section */
		69D1085024E2C8CE0033DB6D /* TimeStack */ = {
			isa = PBXNativeTarget;
			buildConfigurationList = 69D1086524E2C8D00033DB6D /* Build configuration list for PBXNativeTarget "TimeStack" */;
			buildPhases = (
				69D1084D24E2C8CE0033DB6D /* Sources */,
				69D1084E24E2C8CE0033DB6D /* Frameworks */,
				69D1084F24E2C8CE0033DB6D /* Resources */,
			);
			buildRules = (
			);
			dependencies = (
			);
			name = TimeStack;
			productName = TimeStack;
			productReference = 69D1085124E2C8CE0033DB6D /* TimeStack.app */;
			productType = "com.apple.product-type.application";
		};
/* End PBXNativeTarget section */

/* Begin PBXProject section */
		69D1084924E2C8CE0033DB6D /* Project object */ = {
			isa = PBXProject;
			attributes = {
				LastSwiftUpdateCheck = 1160;
				LastUpgradeCheck = 1160;
				ORGANIZATIONNAME = "Bill Matthews";
				TargetAttributes = {
					69D1085024E2C8CE0033DB6D = {
						CreatedOnToolsVersion = 11.6;
					};
				};
			};
			buildConfigurationList = 69D1084C24E2C8CE0033DB6D /* Build configuration list for PBXProject "TimeStack" */;
			compatibilityVersion = "Xcode 9.3";
			developmentRegion = en;
			hasScannedForEncodings = 0;
			knownRegions = (
				en,
				Base,
			);
			mainGroup = 69D1084824E2C8CE0033DB6D;
			productRefGroup = 69D1085224E2C8CE0033DB6D /* Products */;
			projectDirPath = "";
			projectRoot = "";
			targets = (
				69D1085024E2C8CE0033DB6D /* TimeStack */,
			);
		};
/* End PBXProject section */

/* Begin PBXResourcesBuildPhase section */
		69D1084F24E2C8CE0033DB6D /* Resources */ = {
			isa = PBXResourcesBuildPhase;
			buildActionMask = 2147483647;
			files = (
				69D1086124E2C8D00033DB6D /* LaunchScreen.storyboard in Resources */,
				69D1085E24E2C8D00033DB6D /* Preview Assets.xcassets in Resources */,
				69D1085B24E2C8D00033DB6D /* Assets.xcassets in Resources */,
			);
			runOnlyForDeploymentPostprocessing = 0;
		};
/* End PBXResourcesBuildPhase section */

/* Begin PBXSourcesBuildPhase section */
		69D1084D24E2C8CE0033DB6D /* Sources */ = {
			isa = PBXSourcesBuildPhase;
			buildActionMask = 2147483647;
			files = (
				69D1085524E2C8CE0033DB6D /* AppDelegate.swift in Sources */,
				691649D824E315C300D92AAE /* TimerStackList.swift in Sources */,
				691649DA24E335C900D92AAE /* TickerRow.swift in Sources */,
				69D1085724E2C8CE0033DB6D /* SceneDelegate.swift in Sources */,
				69B42CE524E6B2D900CD7EA4 /* EditTickerView.swift in Sources */,
				69D1085924E2C8CE0033DB6D /* TimerStackListView.swift in Sources */,
				69D1086A24E2C9E90033DB6D /* Ticker.swift in Sources */,
				694A3E9624E630E7006FCA80 /* BackgroundProgressView.swift in Sources */,
			);
			runOnlyForDeploymentPostprocessing = 0;
		};
/* End PBXSourcesBuildPhase section */

/* Begin PBXVariantGroup section */
		69D1085F24E2C8D00033DB6D /* LaunchScreen.storyboard */ = {
			isa = PBXVariantGroup;
			children = (
				69D1086024E2C8D00033DB6D /* Base */,
			);
			name = LaunchScreen.storyboard;
			sourceTree = "<group>";
		};
/* End PBXVariantGroup section */

/* Begin XCBuildConfiguration section */
		69D1086324E2C8D00033DB6D /* Debug */ = {
			isa = XCBuildConfiguration;
			buildSettings = {
				ALWAYS_SEARCH_USER_PATHS = NO;
				CLANG_ANALYZER_NONNULL = YES;
				CLANG_ANALYZER_NUMBER_OBJECT_CONVERSION = YES_AGGRESSIVE;
				CLANG_CXX_LANGUAGE_STANDARD = "gnu++14";
				CLANG_CXX_LIBRARY = "libc++";
				CLANG_ENABLE_MODULES = YES;
				CLANG_ENABLE_OBJC_ARC = YES;
				CLANG_ENABLE_OBJC_WEAK = YES;
				CLANG_WARN_BLOCK_CAPTURE_AUTORELEASING = YES;
				CLANG_WARN_BOOL_CONVERSION = YES;
				CLANG_WARN_COMMA = YES;
				CLANG_WARN_CONSTANT_CONVERSION = YES;
				CLANG_WARN_DEPRECATED_OBJC_IMPLEMENTATIONS = YES;
				CLANG_WARN_DIRECT_OBJC_ISA_USAGE = YES_ERROR;
				CLANG_WARN_DOCUMENTATION_COMMENTS = YES;
				CLANG_WARN_EMPTY_BODY = YES;
				CLANG_WARN_ENUM_CONVERSION = YES;
				CLANG_WARN_INFINITE_RECURSION = YES;
				CLANG_WARN_INT_CONVERSION = YES;
				CLANG_WARN_NON_LITERAL_NULL_CONVERSION = YES;
				CLANG_WARN_OBJC_IMPLICIT_RETAIN_SELF = YES;
				CLANG_WARN_OBJC_LITERAL_CONVERSION = YES;
				CLANG_WARN_OBJC_ROOT_CLASS = YES_ERROR;
				CLANG_WARN_RANGE_LOOP_ANALYSIS = YES;
				CLANG_WARN_STRICT_PROTOTYPES = YES;
				CLANG_WARN_SUSPICIOUS_MOVE = YES;
				CLANG_WARN_UNGUARDED_AVAILABILITY = YES_AGGRESSIVE;
				CLANG_WARN_UNREACHABLE_CODE = YES;
				CLANG_WARN__DUPLICATE_METHOD_MATCH = YES;
				COPY_PHASE_STRIP = NO;
				DEBUG_INFORMATION_FORMAT = dwarf;
				ENABLE_STRICT_OBJC_MSGSEND = YES;
				ENABLE_TESTABILITY = YES;
				GCC_C_LANGUAGE_STANDARD = gnu11;
				GCC_DYNAMIC_NO_PIC = NO;
				GCC_NO_COMMON_BLOCKS = YES;
				GCC_OPTIMIZATION_LEVEL = 0;
				GCC_PREPROCESSOR_DEFINITIONS = (
					"DEBUG=1",
					"$(inherited)",
				);
				GCC_WARN_64_TO_32_BIT_CONVERSION = YES;
				GCC_WARN_ABOUT_RETURN_TYPE = YES_ERROR;
				GCC_WARN_UNDECLARED_SELECTOR = YES;
				GCC_WARN_UNINITIALIZED_AUTOS = YES_AGGRESSIVE;
				GCC_WARN_UNUSED_FUNCTION = YES;
				GCC_WARN_UNUSED_VARIABLE = YES;
				IPHONEOS_DEPLOYMENT_TARGET = 13.6;
				MTL_ENABLE_DEBUG_INFO = INCLUDE_SOURCE;
				MTL_FAST_MATH = YES;
				ONLY_ACTIVE_ARCH = YES;
				SDKROOT = iphoneos;
				SWIFT_ACTIVE_COMPILATION_CONDITIONS = DEBUG;
				SWIFT_OPTIMIZATION_LEVEL = "-Onone";
			};
			name = Debug;
		};
		69D1086424E2C8D00033DB6D /* Release */ = {
			isa = XCBuildConfiguration;
			buildSettings = {
				ALWAYS_SEARCH_USER_PATHS = NO;
				CLANG_ANALYZER_NONNULL = YES;
				CLANG_ANALYZER_NUMBER_OBJECT_CONVERSION = YES_AGGRESSIVE;
				CLANG_CXX_LANGUAGE_STANDARD = "gnu++14";
				CLANG_CXX_LIBRARY = "libc++";
				CLANG_ENABLE_MODULES = YES;
				CLANG_ENABLE_OBJC_ARC = YES;
				CLANG_ENABLE_OBJC_WEAK = YES;
				CLANG_WARN_BLOCK_CAPTURE_AUTORELEASING = YES;
				CLANG_WARN_BOOL_CONVERSION = YES;
				CLANG_WARN_COMMA = YES;
				CLANG_WARN_CONSTANT_CONVERSION = YES;
				CLANG_WARN_DEPRECATED_OBJC_IMPLEMENTATIONS = YES;
				CLANG_WARN_DIRECT_OBJC_ISA_USAGE = YES_ERROR;
				CLANG_WARN_DOCUMENTATION_COMMENTS = YES;
				CLANG_WARN_EMPTY_BODY = YES;
				CLANG_WARN_ENUM_CONVERSION = YES;
				CLANG_WARN_INFINITE_RECURSION = YES;
				CLANG_WARN_INT_CONVERSION = YES;
				CLANG_WARN_NON_LITERAL_NULL_CONVERSION = YES;
				CLANG_WARN_OBJC_IMPLICIT_RETAIN_SELF = YES;
				CLANG_WARN_OBJC_LITERAL_CONVERSION = YES;
				CLANG_WARN_OBJC_ROOT_CLASS = YES_ERROR;
				CLANG_WARN_RANGE_LOOP_ANALYSIS = YES;
				CLANG_WARN_STRICT_PROTOTYPES = YES;
				CLANG_WARN_SUSPICIOUS_MOVE = YES;
				CLANG_WARN_UNGUARDED_AVAILABILITY = YES_AGGRESSIVE;
				CLANG_WARN_UNREACHABLE_CODE = YES;
				CLANG_WARN__DUPLICATE_METHOD_MATCH = YES;
				COPY_PHASE_STRIP = NO;
				DEBUG_INFORMATION_FORMAT = "dwarf-with-dsym";
				ENABLE_NS_ASSERTIONS = NO;
				ENABLE_STRICT_OBJC_MSGSEND = YES;
				GCC_C_LANGUAGE_STANDARD = gnu11;
				GCC_NO_COMMON_BLOCKS = YES;
				GCC_WARN_64_TO_32_BIT_CONVERSION = YES;
				GCC_WARN_ABOUT_RETURN_TYPE = YES_ERROR;
				GCC_WARN_UNDECLARED_SELECTOR = YES;
				GCC_WARN_UNINITIALIZED_AUTOS = YES_AGGRESSIVE;
				GCC_WARN_UNUSED_FUNCTION = YES;
				GCC_WARN_UNUSED_VARIABLE = YES;
				IPHONEOS_DEPLOYMENT_TARGET = 13.6;
				MTL_ENABLE_DEBUG_INFO = NO;
				MTL_FAST_MATH = YES;
				SDKROOT = iphoneos;
				SWIFT_COMPILATION_MODE = wholemodule;
				SWIFT_OPTIMIZATION_LEVEL = "-O";
				VALIDATE_PRODUCT = YES;
			};
			name = Release;
		};
		69D1086624E2C8D00033DB6D /* Debug */ = {
			isa = XCBuildConfiguration;
			buildSettings = {
				ASSETCATALOG_COMPILER_APPICON_NAME = AppIcon;
				CODE_SIGN_STYLE = Automatic;
				DEVELOPMENT_ASSET_PATHS = "\"TimeStack/Preview Content\"";
				DEVELOPMENT_TEAM = U278GLX467;
				ENABLE_PREVIEWS = YES;
				INFOPLIST_FILE = TimeStack/Info.plist;
				LD_RUNPATH_SEARCH_PATHS = (
					"$(inherited)",
					"@executable_path/Frameworks",
				);
				PRODUCT_BUNDLE_IDENTIFIER = com.billmatthews.TimeStack;
				PRODUCT_NAME = "$(TARGET_NAME)";
				SWIFT_VERSION = 5.0;
				TARGETED_DEVICE_FAMILY = "1,2";
			};
			name = Debug;
		};
		69D1086724E2C8D00033DB6D /* Release */ = {
			isa = XCBuildConfiguration;
			buildSettings = {
				ASSETCATALOG_COMPILER_APPICON_NAME = AppIcon;
				CODE_SIGN_STYLE = Automatic;
				DEVELOPMENT_ASSET_PATHS = "\"TimeStack/Preview Content\"";
				DEVELOPMENT_TEAM = U278GLX467;
				ENABLE_PREVIEWS = YES;
				INFOPLIST_FILE = TimeStack/Info.plist;
				LD_RUNPATH_SEARCH_PATHS = (
					"$(inherited)",
					"@executable_path/Frameworks",
				);
				PRODUCT_BUNDLE_IDENTIFIER = com.billmatthews.TimeStack;
				PRODUCT_NAME = "$(TARGET_NAME)";
				SWIFT_VERSION = 5.0;
				TARGETED_DEVICE_FAMILY = "1,2";
			};
			name = Release;
		};
/* End XCBuildConfiguration section */

/* Begin XCConfigurationList section */
		69D1084C24E2C8CE0033DB6D /* Build configuration list for PBXProject "TimeStack" */ = {
			isa = XCConfigurationList;
			buildConfigurations = (
				69D1086324E2C8D00033DB6D /* Debug */,
				69D1086424E2C8D00033DB6D /* Release */,
			);
			defaultConfigurationIsVisible = 0;
			defaultConfigurationName = Release;
		};
		69D1086524E2C8D00033DB6D /* Build configuration list for PBXNativeTarget "TimeStack" */ = {
			isa = XCConfigurationList;
			buildConfigurations = (
				69D1086624E2C8D00033DB6D /* Debug */,
				69D1086724E2C8D00033DB6D /* Release */,
			);
			defaultConfigurationIsVisible = 0;
			defaultConfigurationName = Release;
		};
/* End XCConfigurationList section */
	};
	rootObject = 69D1084924E2C8CE0033DB6D /* Project object */;
}
